
Microsoft Visual Studio Solution File, Format Version 12.00
# Visual Studio 15
VisualStudioVersion = 15.0.28307.329
MinimumVisualStudioVersion = 10.0.40219.1
Project("{FAE04EC0-301F-11D3-BF4B-00C04F79EFBC}") = "InformeAvaluos", "InformeAvaluos\InformeAvaluos.csproj", "{461936A1-4FF4-48E6-A7F1-731961818E1F}"
EndProject
Global
	GlobalSection(SolutionConfigurationPlatforms) = preSolution
		Debug|x86 = Debug|x86
		Release|x86 = Release|x86
	EndGlobalSection
	GlobalSection(ProjectConfigurationPlatforms) = postSolution
		{461936A1-4FF4-48E6-A7F1-731961818E1F}.Debug|x86.ActiveCfg = Debug|x86
		{461936A1-4FF4-48E6-A7F1-731961818E1F}.Debug|x86.Build.0 = Debug|x86
		{461936A1-4FF4-48E6-A7F1-731961818E1F}.Release|x86.ActiveCfg = Release|x86
		{461936A1-4FF4-48E6-A7F1-731961818E1F}.Release|x86.Build.0 = Release|x86
	EndGlobalSection
	GlobalSection(SolutionProperties) = preSolution
		HideSolutionNode = FALSE
	EndGlobalSection
	GlobalSection(ExtensibilityGlobals) = postSolution
		SolutionGuid = {7C8810BE-3198-4DF4-BA4B-0123CD5EA9B8}
	EndGlobalSection
EndGlobal
